
Microsoft Visual Studio Solution File, Format Version 12.00
# Visual Studio 15
VisualStudioVersion = 15.0.27130.2036
MinimumVisualStudioVersion = 10.0.40219.1
Project("{888888A0-9F3D-457C-B088-3A5042F75D52}") = "PicsPy", "PicsPy.pyproj", "{B52C63A0-8D16-497E-846B-DD0D6A3199BF}"
EndProject
Global
	GlobalSection(SolutionConfigurationPlatforms) = preSolution
		Debug|Any CPU = Debug|Any CPU
		Release|Any CPU = Release|Any CPU
	EndGlobalSection
	GlobalSection(ProjectConfigurationPlatforms) = postSolution
		{B52C63A0-8D16-497E-846B-DD0D6A3199BF}.Debug|Any CPU.ActiveCfg = Debug|Any CPU
		{B52C63A0-8D16-497E-846B-DD0D6A3199BF}.Release|Any CPU.ActiveCfg = Release|Any CPU
	EndGlobalSection
	GlobalSection(SolutionProperties) = preSolution
		HideSolutionNode = FALSE
	EndGlobalSection
	GlobalSection(ExtensibilityGlobals) = postSolution
		SolutionGuid = {F00FF3BD-E726-4B2C-A298-A8D17949B624}
	EndGlobalSection
EndGlobal
